<?xml version="1.0" encoding="utf-8"?>
<Project ToolsVersion="4.0" xmlns="http://schemas.microsoft.com/developer/msbuild/2003">
  <ItemGroup>
    <Filter Include="Source Files">
      <UniqueIdentifier>{4FC737F1-C7A5-4376-A066-2A32D752A2FF}</UniqueIdentifier>
      <Extensions>cpp;c;cc;cxx;def;odl;idl;hpj;bat;asm;asmx</Extensions>
    </Filter>
    <Filter Include="Header Files">
      <UniqueIdentifier>{93995380-89BD-4b04-88EB-625FBE52EBFB}</UniqueIdentifier>
      <Extensions>h;hh;hpp;hxx;hm;inl;inc;xsd</Extensions>
    </Filter>
    <Filter Include="Resource Files">
      <UniqueIdentifier>{67DA6AB6-F800-4c08-8B7A-83BB121AAD01}</UniqueIdentifier>
      <Extensions>rc;ico;cur;bmp;dlg;rc2;rct;bin;rgs;gif;jpg;jpeg;jpe;resx;tiff;tif;png;wav</Extensions>
    </Filter>
  </ItemGroup>
  <ItemGroup>
    <None Include="debug\.NETFramework,Version=v4.0.AssemblyAttributes.asm">
      <Filter>Source Files</Filter>
    </None>
    <None Include="domino\debug\.NETFramework,Version=v4.0.AssemblyAttributes.asm">
      <Filter>Source Files</Filter>
    </None>
    <None Include="domino\release\.NETFramework,Version=v4.0.AssemblyAttributes.asm">
      <Filter>Source Files</Filter>
    </None>
  </ItemGroup>
  <ItemGroup>
    <ClCompile Include="domino\AssemblyInfo.cpp">
      <Filter>Source Files</Filter>
    </ClCompile>
    <ClCompile Include="domino\Form1.cpp">
      <Filter>Source Files</Filter>
    </ClCompile>
    <ClCompile Include="domino\Game.cpp">
      <Filter>Source Files</Filter>
    </ClCompile>
    <ClCompile Include="domino\HelpForm.cpp">
      <Filter>Source Files</Filter>
    </ClCompile>
    <ClCompile Include="domino\MyPanel.cpp">
      <Filter>Source Files</Filter>
    </ClCompile>
    <ClCompile Include="domino\NewGame.cpp">
      <Filter>Source Files</Filter>
    </ClCompile>
    <ClCompile Include="domino\stdafx.cpp">
      <Filter>Source Files</Filter>
    </ClCompile>
    <ClCompile Include="domino\Windows Forms.cpp">
      <Filter>Source Files</Filter>
    </ClCompile>
    <ClCompile Include="domino\debug\.NETFramework,Version=v4.7.2.AssemblyAttributes.cpp">
      <Filter>Source Files</Filter>
    </ClCompile>
  </ItemGroup>
  <ItemGroup>
    <ClInclude Include="domino\Form1.h">
      <Filter>Header Files</Filter>
    </ClInclude>
    <ClInclude Include="domino\Game.h">
      <Filter>Header Files</Filter>
    </ClInclude>
    <ClInclude Include="domino\HelpForm.h">
      <Filter>Header Files</Filter>
    </ClInclude>
    <ClInclude Include="domino\MyPanel.h">
      <Filter>Header Files</Filter>
    </ClInclude>
    <ClInclude Include="domino\NewGame.h">
      <Filter>Header Files</Filter>
    </ClInclude>
    <ClInclude Include="domino\resource.h">
      <Filter>Header Files</Filter>
    </ClInclude>
    <ClInclude Include="domino\stdafx.h">
      <Filter>Header Files</Filter>
    </ClInclude>
  </ItemGroup>
  <ItemGroup>
    <ResourceCompile Include="domino\app.rc">
      <Filter>Resource Files</Filter>
    </ResourceCompile>
  </ItemGroup>
  <ItemGroup>
    <EmbeddedResource Include="domino\Form1.resX">
      <Filter>Resource Files</Filter>
    </EmbeddedResource>
    <EmbeddedResource Include="domino\HelpForm.resx">
      <Filter>Resource Files</Filter>
    </EmbeddedResource>
    <EmbeddedResource Include="domino\NewGame.resx">
      <Filter>Resource Files</Filter>
    </EmbeddedResource>
  </ItemGroup>
</Project>