
Microsoft Visual Studio Solution File, Format Version 12.00
# Visual Studio Version 17
VisualStudioVersion = 17.1.32414.318
MinimumVisualStudioVersion = 10.0.40219.1
Project("{8BC9CEB8-8B4A-11D0-8D11-00A0C91BC942}") = "jj", "jj.vcxproj", "{653BA762-471F-43A1-805D-33E7C86A9F20}"
EndProject
Global
	GlobalSection(SolutionConfigurationPlatforms) = preSolution
		Debug|x64 = Debug|x64
		Debug|x86 = Debug|x86
		Release|x64 = Release|x64
		Release|x86 = Release|x86
	EndGlobalSection
	GlobalSection(ProjectConfigurationPlatforms) = postSolution
		{653BA762-471F-43A1-805D-33E7C86A9F20}.Debug|x64.ActiveCfg = Debug|x64
		{653BA762-471F-43A1-805D-33E7C86A9F20}.Debug|x64.Build.0 = Debug|x64
		{653BA762-471F-43A1-805D-33E7C86A9F20}.Debug|x86.ActiveCfg = Debug|Win32
		{653BA762-471F-43A1-805D-33E7C86A9F20}.Debug|x86.Build.0 = Debug|Win32
		{653BA762-471F-43A1-805D-33E7C86A9F20}.Release|x64.ActiveCfg = Release|x64
		{653BA762-471F-43A1-805D-33E7C86A9F20}.Release|x64.Build.0 = Release|x64
		{653BA762-471F-43A1-805D-33E7C86A9F20}.Release|x86.ActiveCfg = Release|Win32
		{653BA762-471F-43A1-805D-33E7C86A9F20}.Release|x86.Build.0 = Release|Win32
	EndGlobalSection
	GlobalSection(SolutionProperties) = preSolution
		HideSolutionNode = FALSE
	EndGlobalSection
	GlobalSection(ExtensibilityGlobals) = postSolution
		SolutionGuid = {6D2EF616-9034-4371-8FA5-7EB6E13B3BED}
	EndGlobalSection
EndGlobal
